
Microsoft Visual Studio Solution File, Format Version 12.00
Project("{FAE04EC0-301F-11D3-BF4B-00C04F79EFBC}") = "Web", "Web\Web.csproj", "{1E42631E-65D7-49DE-9ABF-7AF1DC12DAB5}"
EndProject
Project("{FAE04EC0-301F-11D3-BF4B-00C04F79EFBC}") = "Core", "Core\Core.csproj", "{C75DDD6F-B9BF-4D43-BB2B-0E0DE2DF10A1}"
EndProject
Project("{FAE04EC0-301F-11D3-BF4B-00C04F79EFBC}") = "Infrastructure", "Infrastructure\Infrastructure.csproj", "{DEC0EA2A-0067-4B6F-942D-97E7D1F72E74}"
EndProject
Global
	GlobalSection(SolutionConfigurationPlatforms) = preSolution
		Debug|Any CPU = Debug|Any CPU
		Release|Any CPU = Release|Any CPU
	EndGlobalSection
	GlobalSection(ProjectConfigurationPlatforms) = postSolution
		{1E42631E-65D7-49DE-9ABF-7AF1DC12DAB5}.Debug|Any CPU.ActiveCfg = Debug|Any CPU
		{1E42631E-65D7-49DE-9ABF-7AF1DC12DAB5}.Debug|Any CPU.Build.0 = Debug|Any CPU
		{1E42631E-65D7-49DE-9ABF-7AF1DC12DAB5}.Release|Any CPU.ActiveCfg = Release|Any CPU
		{1E42631E-65D7-49DE-9ABF-7AF1DC12DAB5}.Release|Any CPU.Build.0 = Release|Any CPU
		{C75DDD6F-B9BF-4D43-BB2B-0E0DE2DF10A1}.Debug|Any CPU.ActiveCfg = Debug|Any CPU
		{C75DDD6F-B9BF-4D43-BB2B-0E0DE2DF10A1}.Debug|Any CPU.Build.0 = Debug|Any CPU
		{C75DDD6F-B9BF-4D43-BB2B-0E0DE2DF10A1}.Release|Any CPU.ActiveCfg = Release|Any CPU
		{C75DDD6F-B9BF-4D43-BB2B-0E0DE2DF10A1}.Release|Any CPU.Build.0 = Release|Any CPU
		{DEC0EA2A-0067-4B6F-942D-97E7D1F72E74}.Debug|Any CPU.ActiveCfg = Debug|Any CPU
		{DEC0EA2A-0067-4B6F-942D-97E7D1F72E74}.Debug|Any CPU.Build.0 = Debug|Any CPU
		{DEC0EA2A-0067-4B6F-942D-97E7D1F72E74}.Release|Any CPU.ActiveCfg = Release|Any CPU
		{DEC0EA2A-0067-4B6F-942D-97E7D1F72E74}.Release|Any CPU.Build.0 = Release|Any CPU
	EndGlobalSection
EndGlobal
