{
  "name": "web",
  "version": "1.0.0",
  "lockfileVersion": 1,
  "requires": true,
  "dependencies": {
    "animate.css": {
      "version": "4.1.0",
      "resolved": "https://registry.npmjs.org/animate.css/-/animate.css-4.1.0.tgz",
      "integrity": "sha512-0aVcfWDeU9ykV6vjn1P67ZSs01jxoUQZCGaYbkk0SIIelIG8kUdLrIkua1+VabHfTtsSivDRMMn0ILPvZum2gw=="
    },
    "bootstrap": {
      "version": "4.5.2",
      "resolved": "https://registry.npmjs.org/bootstrap/-/bootstrap-4.5.2.tgz",
      "integrity": "sha512-vlGn0bcySYl/iV+BGA544JkkZP5LB3jsmkeKLFQakCOwCM3AOk7VkldBz4jrzSe+Z0Ezn99NVXa1o45cQY4R6A=="
    },
    "desandro-matches-selector": {
      "version": "2.0.2",
      "resolved": "https://registry.npmjs.org/desandro-matches-selector/-/desandro-matches-selector-2.0.2.tgz",
      "integrity": "sha1-cXvu1NwT59jzdi9wem1YpndCGOE="
    },
    "ev-emitter": {
      "version": "1.1.1",
      "resolved": "https://registry.npmjs.org/ev-emitter/-/ev-emitter-1.1.1.tgz",
      "integrity": "sha512-ipiDYhdQSCZ4hSbX4rMW+XzNKMD1prg/sTvoVmSLkuQ1MVlwjJQQA+sW8tMYR3BLUr9KjodFV4pvzunvRhd33Q=="
    },
    "fizzy-ui-utils": {
      "version": "2.0.7",
      "resolved": "https://registry.npmjs.org/fizzy-ui-utils/-/fizzy-ui-utils-2.0.7.tgz",
      "integrity": "sha512-CZXDVXQ1If3/r8s0T+v+qVeMshhfcuq0rqIFgJnrtd+Bu8GmDmqMjntjUePypVtjHXKJ6V4sw9zeyox34n9aCg==",
      "requires": {
        "desandro-matches-selector": "^2.0.0"
      }
    },
    "flickity": {
      "version": "2.2.1",
      "resolved": "https://registry.npmjs.org/flickity/-/flickity-2.2.1.tgz",
      "integrity": "sha512-fCZJGNqabgDrIhaUBqt2ydE8c5V6iiB3KQAf6dH3Z45MoDUm7g6+uZmteN0aLV9pzVItNqCbfOJQjsJM/rHuSA==",
      "requires": {
        "desandro-matches-selector": "^2.0.0",
        "ev-emitter": "^1.1.1",
        "fizzy-ui-utils": "^2.0.7",
        "get-size": "^2.0.3",
        "unidragger": "^2.3.0",
        "unipointer": "^2.3.0"
      }
    },
    "get-size": {
      "version": "2.0.3",
      "resolved": "https://registry.npmjs.org/get-size/-/get-size-2.0.3.tgz",
      "integrity": "sha512-lXNzT/h/dTjTxRbm9BXb+SGxxzkm97h/PCIKtlN/CBCxxmkkIVV21udumMS93MuVTDX583gqc94v3RjuHmI+2Q=="
    },
    "gsap": {
      "version": "3.5.1",
      "resolved": "https://registry.npmjs.org/gsap/-/gsap-3.5.1.tgz",
      "integrity": "sha512-EMV0RSUKZNeTUzLKAizGlwxVOUyif3/g8I3S1aA/hf3gbqwBvmQ02x1RdTBQNQMOpHCVBv9y/vaHwfctoAg8zw=="
    },
    "jquery": {
      "version": "3.5.1",
      "resolved": "https://registry.npmjs.org/jquery/-/jquery-3.5.1.tgz",
      "integrity": "sha512-XwIBPqcMn57FxfT+Go5pzySnm4KWkT1Tv7gjrpT1srtf8Weynl6R273VJ5GjkRb51IzMp5nbaPjJXMWeju2MKg=="
    },
    "jquery-validation": {
      "version": "1.19.2",
      "resolved": "https://registry.npmjs.org/jquery-validation/-/jquery-validation-1.19.2.tgz",
      "integrity": "sha512-yHaAqOGaAB7+p2u5lpzhhQVt3CBMUw3fHcuCJ7nXmXz0LWLHPN7yOhwnocp5nrn2SmnXR1jpV+whx2j1kLz1tQ=="
    },
    "jquery-validation-unobtrusive": {
      "version": "3.2.11",
      "resolved": "https://registry.npmjs.org/jquery-validation-unobtrusive/-/jquery-validation-unobtrusive-3.2.11.tgz",
      "integrity": "sha512-3FQPllaWdD+Aq55zJLGSW39+eXPDz1HhwAvrSwYi8zHQ8DVcu5IJ1HVeTiCl0BnCnrIBvfFU3zEB/DrGdcoRIQ==",
      "requires": {
        "jquery": ">=1.8",
        "jquery-validation": ">=1.16"
      }
    },
    "owl.carousel": {
      "version": "2.2.0",
      "resolved": "https://registry.npmjs.org/owl.carousel/-/owl.carousel-2.2.0.tgz",
      "integrity": "sha1-81mNAeYHV7wQeys8YSMbEUDPNgw=",
      "requires": {
        "jquery": ">=1.8.3"
      }
    },
    "popper.js": {
      "version": "1.16.1",
      "resolved": "https://registry.npmjs.org/popper.js/-/popper.js-1.16.1.tgz",
      "integrity": "sha512-Wb4p1J4zyFTbM+u6WuO4XstYx4Ky9Cewe4DWrel7B0w6VVICvPwdOpotjzcf6eD8TsckVnIMNONQyPIUFOUbCQ=="
    },
    "scrollax": {
      "version": "1.0.0",
      "resolved": "https://registry.npmjs.org/scrollax/-/scrollax-1.0.0.tgz",
      "integrity": "sha1-R8tvNivLEBxKQ5m58dTKdku01RA="
    },
    "scrollmagic": {
      "version": "2.0.7",
      "resolved": "https://registry.npmjs.org/scrollmagic/-/scrollmagic-2.0.7.tgz",
      "integrity": "sha512-Qu23XB3YTBhqbnTIkyVhVAEP/7r2APvW+QFfxCpd6LvJ5byCnlvSMzSeBdpyKbDKXBxVWGE9XFXUTvue3B7VrQ=="
    },
    "unidragger": {
      "version": "2.3.1",
      "resolved": "https://registry.npmjs.org/unidragger/-/unidragger-2.3.1.tgz",
      "integrity": "sha512-u+IgG7AG0MXJTKcdzAIYxCm+W5FcnA9M28203Awl6jIcE3/+9OtEyUX4Wv64y7XNKEVRKPot52IV4V6x7FlF5Q==",
      "requires": {
        "unipointer": "^2.3.0"
      }
    },
    "unipointer": {
      "version": "2.3.0",
      "resolved": "https://registry.npmjs.org/unipointer/-/unipointer-2.3.0.tgz",
      "integrity": "sha512-m85sAoELCZhogI1owtJV3Dva7GxkHk2lI7A0otw3o0OwCuC/Q9gi7ehddigEYIAYbhkqNdri+dU1QQkrcBvirQ==",
      "requires": {
        "ev-emitter": "^1.0.1"
      }
    }
  }
}
